{
  "nodes": {
    "colors": {
      "inputs": {
        "nixpkgs": "nixpkgs",
        "systems": "systems"
      },
      "locked": {
        "lastModified": 1774023491,
        "narHash": "sha256-Nc9H6YVpahIGcpZOLMMY3xaBPHe2wXERw8Gehm/km+E=",
        "owner": "bugeats",
        "repo": "colors",
        "rev": "6d0454fe2ef40106a6a1e53fc87e290f09d572c5",
        "type": "github"
      },
      "original": {
        "owner": "bugeats",
        "repo": "colors",
        "type": "github"
      }
    },
    "colors_2": {
      "inputs": {
        "nixpkgs": "nixpkgs_2",
        "systems": "systems_3"
      },
      "locked": {
        "lastModified": 1774023491,
        "narHash": "sha256-Nc9H6YVpahIGcpZOLMMY3xaBPHe2wXERw8Gehm/km+E=",
        "owner": "bugeats",
        "repo": "colors",
        "rev": "6d0454fe2ef40106a6a1e53fc87e290f09d572c5",
        "type": "github"
      },
      "original": {
        "owner": "bugeats",
        "repo": "colors",
        "type": "github"
      }
    },
    "flake-compat": {
      "flake": false,
      "locked": {
        "lastModified": 1767039857,
        "narHash": "sha256-vNpUSpF5Nuw8xvDLj2KCwwksIbjua2LZCqhV1LNRDns=",
        "owner": "edolstra",
        "repo": "flake-compat",
        "rev": "5edf11c44bc78a0d334f6334cdaf7d60d732daab",
        "type": "github"
      },
      "original": {
        "owner": "edolstra",
        "repo": "flake-compat",
        "type": "github"
      }
    },
    "flake-utils": {
      "inputs": {
        "systems": "systems_2"
      },
      "locked": {
        "lastModified": 1731533236,
        "narHash": "sha256-l0KFg5HjrsfsO/JpG+r7fRrqm12kzFHyUHqHCVpMMbI=",
        "owner": "numtide",
        "repo": "flake-utils",
        "rev": "11707dc2f618dd54ca8739b309ec4fc024de578b",
        "type": "github"
      },
      "original": {
        "owner": "numtide",
        "repo": "flake-utils",
        "type": "github"
      }
    },
    "flake-utils_2": {
      "inputs": {
        "systems": "systems_4"
      },
      "locked": {
        "lastModified": 1731533236,
        "narHash": "sha256-l0KFg5HjrsfsO/JpG+r7fRrqm12kzFHyUHqHCVpMMbI=",
        "owner": "numtide",
        "repo": "flake-utils",
        "rev": "11707dc2f618dd54ca8739b309ec4fc024de578b",
        "type": "github"
      },
      "original": {
        "owner": "numtide",
        "repo": "flake-utils",
        "type": "github"
      }
    },
    "flake-utils_3": {
      "inputs": {
        "systems": "systems_5"
      },
      "locked": {
        "lastModified": 1731533236,
        "narHash": "sha256-l0KFg5HjrsfsO/JpG+r7fRrqm12kzFHyUHqHCVpMMbI=",
        "owner": "numtide",
        "repo": "flake-utils",
        "rev": "11707dc2f618dd54ca8739b309ec4fc024de578b",
        "type": "github"
      },
      "original": {
        "owner": "numtide",
        "repo": "flake-utils",
        "type": "github"
      }
    },
    "helix": {
      "inputs": {
        "nixpkgs": "nixpkgs_3",
        "rust-overlay": "rust-overlay"
      },
      "locked": {
        "lastModified": 1774028838,
        "narHash": "sha256-1zylMvReaWs4ICEq773PvJFXglsEq5BC2YKv0fNa81k=",
        "owner": "helix-editor",
        "repo": "helix",
        "rev": "3d68e0a32617d1844543219f6790a2b3fa169170",
        "type": "github"
      },
      "original": {
        "owner": "helix-editor",
        "repo": "helix",
        "type": "github"
      }
    },
    "hx": {
      "inputs": {
        "colors": "colors_2",
        "flake-utils": "flake-utils_2",
        "helix": "helix",
        "nixpkgs": "nixpkgs_4"
      },
      "locked": {
        "lastModified": 1779732301,
        "narHash": "sha256-YxmYxYirsOarHIib0uND9R66tCJQDmcDBzcAS0ayA7I=",
        "owner": "bugeats",
        "repo": "hx",
        "rev": "3f831e33f6f2cf4414941a7b22b3dd0f22676cf1",
        "type": "github"
      },
      "original": {
        "owner": "bugeats",
        "repo": "hx",
        "type": "github"
      }
    },
    "multitask": {
      "flake": false,
      "locked": {
        "lastModified": 1778892145,
        "narHash": "sha256-dtAGjF7EwtVL+IUF55ePsRhYfjfe+sXB+vpMhQFWPfA=",
        "owner": "imsnif",
        "repo": "multitask",
        "rev": "ef3836491526ac1f5c28d5d6bb644c921d07d4c3",
        "type": "github"
      },
      "original": {
        "owner": "imsnif",
        "repo": "multitask",
        "type": "github"
      }
    },
    "nixpkgs": {
      "locked": {
        "lastModified": 1773814637,
        "narHash": "sha256-GNU+ooRmrHLfjlMsKdn0prEKVa0faVanm0jrgu1J/gY=",
        "rev": "fea3b367d61c1a6592bc47c72f40a9f3e6a53e96",
        "revCount": 909593,
        "type": "tarball",
        "url": "https://api.flakehub.com/f/pinned/NixOS/nixpkgs/0.2511.909593%2Brev-fea3b367d61c1a6592bc47c72f40a9f3e6a53e96/019d0213-c6be-7375-97cd-d8fa200fb1ac/source.tar.gz"
      },
      "original": {
        "type": "tarball",
        "url": "https://flakehub.com/f/NixOS/nixpkgs/0"
      }
    },
    "nixpkgs_2": {
      "locked": {
        "lastModified": 1773814637,
        "narHash": "sha256-GNU+ooRmrHLfjlMsKdn0prEKVa0faVanm0jrgu1J/gY=",
        "rev": "fea3b367d61c1a6592bc47c72f40a9f3e6a53e96",
        "revCount": 909593,
        "type": "tarball",
        "url": "https://api.flakehub.com/f/pinned/NixOS/nixpkgs/0.2511.909593%2Brev-fea3b367d61c1a6592bc47c72f40a9f3e6a53e96/019d0213-c6be-7375-97cd-d8fa200fb1ac/source.tar.gz"
      },
      "original": {
        "type": "tarball",
        "url": "https://flakehub.com/f/NixOS/nixpkgs/0"
      }
    },
    "nixpkgs_3": {
      "locked": {
        "lastModified": 1759381078,
        "narHash": "sha256-gTrEEp5gEspIcCOx9PD8kMaF1iEmfBcTbO0Jag2QhQs=",
        "owner": "nixos",
        "repo": "nixpkgs",
        "rev": "7df7ff7d8e00218376575f0acdcc5d66741351ee",
        "type": "github"
      },
      "original": {
        "owner": "nixos",
        "ref": "nixos-unstable",
        "repo": "nixpkgs",
        "type": "github"
      }
    },
    "nixpkgs_4": {
      "locked": {
        "lastModified": 1773964973,
        "narHash": "sha256-NV/J+tTER0P5iJhUDL/8HO5MDjDceLQPRUYgdmy5wXw=",
        "rev": "812b3986fd1568f7a858f97fcf425ad996ba7d25",
        "revCount": 909676,
        "type": "tarball",
        "url": "https://api.flakehub.com/f/pinned/NixOS/nixpkgs/0.2511.909676%2Brev-812b3986fd1568f7a858f97fcf425ad996ba7d25/019d117d-aaf2-7594-b15e-42a645b5cfe0/source.tar.gz"
      },
      "original": {
        "type": "tarball",
        "url": "https://flakehub.com/f/NixOS/nixpkgs/0"
      }
    },
    "nixpkgs_5": {
      "locked": {
        "lastModified": 1779467186,
        "narHash": "sha256-nOesoDCiXcUftqbRBMz9tt4blI5PvljMWbm3kuCA+0s=",
        "rev": "b77b3de8775677f84492abe84635f87b0e153f0f",
        "revCount": 913105,
        "type": "tarball",
        "url": "https://api.flakehub.com/f/pinned/NixOS/nixpkgs/0.2511.913105%2Brev-b77b3de8775677f84492abe84635f87b0e153f0f/019e5b1d-6f23-71b3-b873-a95e3a379808/source.tar.gz"
      },
      "original": {
        "type": "tarball",
        "url": "https://flakehub.com/f/NixOS/nixpkgs/0"
      }
    },
    "nixpkgs_6": {
      "locked": {
        "lastModified": 1779508470,
        "narHash": "sha256-Ap9KJX+5xHIn3bPIpfNgT6MEXdAECECwo4/rmlQD74M=",
        "owner": "nixos",
        "repo": "nixpkgs",
        "rev": "29916453413845e54a65b8a1cf996842300cd299",
        "type": "github"
      },
      "original": {
        "owner": "nixos",
        "ref": "nixos-unstable",
        "repo": "nixpkgs",
        "type": "github"
      }
    },
    "root": {
      "inputs": {
        "colors": "colors",
        "flake-utils": "flake-utils",
        "hx": "hx",
        "nixpkgs": "nixpkgs_5",
        "zellij-nix": "zellij-nix"
      }
    },
    "rust-overlay": {
      "inputs": {
        "nixpkgs": [
          "hx",
          "helix",
          "nixpkgs"
        ]
      },
      "locked": {
        "lastModified": 1759631821,
        "narHash": "sha256-V8A1L0FaU/aSXZ1QNJScxC12uP4hANeRBgI4YdhHeRM=",
        "owner": "oxalica",
        "repo": "rust-overlay",
        "rev": "1d7cbdaad90f8a5255a89a6eddd8af24dc89cafe",
        "type": "github"
      },
      "original": {
        "owner": "oxalica",
        "repo": "rust-overlay",
        "type": "github"
      }
    },
    "rust-overlay_2": {
      "inputs": {
        "nixpkgs": [
          "zellij-nix",
          "nixpkgs"
        ]
      },
      "locked": {
        "lastModified": 1779592685,
        "narHash": "sha256-p9d56GezhHRf4QfANxwa1d+fvwShvjB5XUhdIl7WEd0=",
        "owner": "oxalica",
        "repo": "rust-overlay",
        "rev": "3a58b199e7c83a80b85c28044f808085ba7e941c",
        "type": "github"
      },
      "original": {
        "owner": "oxalica",
        "repo": "rust-overlay",
        "type": "github"
      }
    },
    "systems": {
      "locked": {
        "lastModified": 1681028828,
        "narHash": "sha256-Vy1rq5AaRuLzOxct8nz4T6wlgyUR7zLU309k9mBC768=",
        "owner": "nix-systems",
        "repo": "default",
        "rev": "da67096a3b9bf56a91d16901293e51ba5b49a27e",
        "type": "github"
      },
      "original": {
        "owner": "nix-systems",
        "repo": "default",
        "type": "github"
      }
    },
    "systems_2": {
      "locked": {
        "lastModified": 1681028828,
        "narHash": "sha256-Vy1rq5AaRuLzOxct8nz4T6wlgyUR7zLU309k9mBC768=",
        "owner": "nix-systems",
        "repo": "default",
        "rev": "da67096a3b9bf56a91d16901293e51ba5b49a27e",
        "type": "github"
      },
      "original": {
        "owner": "nix-systems",
        "repo": "default",
        "type": "github"
      }
    },
    "systems_3": {
      "locked": {
        "lastModified": 1681028828,
        "narHash": "sha256-Vy1rq5AaRuLzOxct8nz4T6wlgyUR7zLU309k9mBC768=",
        "owner": "nix-systems",
        "repo": "default",
        "rev": "da67096a3b9bf56a91d16901293e51ba5b49a27e",
        "type": "github"
      },
      "original": {
        "owner": "nix-systems",
        "repo": "default",
        "type": "github"
      }
    },
    "systems_4": {
      "locked": {
        "lastModified": 1681028828,
        "narHash": "sha256-Vy1rq5AaRuLzOxct8nz4T6wlgyUR7zLU309k9mBC768=",
        "owner": "nix-systems",
        "repo": "default",
        "rev": "da67096a3b9bf56a91d16901293e51ba5b49a27e",
        "type": "github"
      },
      "original": {
        "owner": "nix-systems",
        "repo": "default",
        "type": "github"
      }
    },
    "systems_5": {
      "locked": {
        "lastModified": 1681028828,
        "narHash": "sha256-Vy1rq5AaRuLzOxct8nz4T6wlgyUR7zLU309k9mBC768=",
        "owner": "nix-systems",
        "repo": "default",
        "rev": "da67096a3b9bf56a91d16901293e51ba5b49a27e",
        "type": "github"
      },
      "original": {
        "owner": "nix-systems",
        "repo": "default",
        "type": "github"
      }
    },
    "zellij": {
      "flake": false,
      "locked": {
        "lastModified": 1778661180,
        "narHash": "sha256-qksZFQR3G/YbKsXMNjoGHwxUDaqv//wCSWXI9GYfR2g=",
        "owner": "zellij-org",
        "repo": "zellij",
        "rev": "b558b31ed192652f75ecc35d6753a7d5d0046023",
        "type": "github"
      },
      "original": {
        "owner": "zellij-org",
        "repo": "zellij",
        "type": "github"
      }
    },
    "zellij-nix": {
      "inputs": {
        "flake-compat": "flake-compat",
        "flake-utils": "flake-utils_3",
        "multitask": "multitask",
        "nixpkgs": "nixpkgs_6",
        "rust-overlay": "rust-overlay_2",
        "zellij": "zellij"
      },
      "locked": {
        "lastModified": 1779597557,
        "narHash": "sha256-SafF5TWJQEllHFR31xu6y62to+QJkh94ceDFQ7P/15g=",
        "owner": "a-kenji",
        "repo": "zellij-nix",
        "rev": "2f33b251779d802ae2546f9292b4aacfcd03d951",
        "type": "github"
      },
      "original": {
        "owner": "a-kenji",
        "repo": "zellij-nix",
        "type": "github"
      }
    }
  },
  "root": "root",
  "version": 7
}
